{
  "originHash" : "5a4aeb4e00bf20a1651489679326ca1038146ce88a5c5781885fe18ac4fbb17e",
  "pins" : [
    {
      "identity" : "files",
      "kind" : "remoteSourceControl",
      "location" : "https://github.com/JohnSundell/Files",
      "state" : {
        "revision" : "d273b5b7025d386feef79ef6bad7de762e106eaf",
        "version" : "4.2.0"
      }
    },
    {
      "identity" : "nngitkit",
      "kind" : "remoteSourceControl",
      "location" : "https://github.com/nikolainobadi/NnGitKit.git",
      "state" : {
        "branch" : "main",
        "revision" : "fa432ab797d88d78a41542e5e9d7590da8349463"
      }
    },
    {
      "identity" : "nnswiftdatakit",
      "kind" : "remoteSourceControl",
      "location" : "https://github.com/nikolainobadi/NnSwiftDataKit.git",
      "state" : {
        "branch" : "main",
        "revision" : "bc2aac114b8c708ef9446f2aa77e4c74014ff4ad"
      }
    },
    {
      "identity" : "swiftshell",
      "kind" : "remoteSourceControl",
      "location" : "https://github.com/kareman/SwiftShell",
      "state" : {
        "revision" : "99680b2efc7c7dbcace1da0b3979d266f02e213c",
        "version" : "5.1.0"
      }
    }
  ],
  "version" : 3
}
