{
  "originHash" : "95b6e6fcd23b9564835cdf7030c4fe543a7b452ee5791cd3c063a984f6f4eb80",
  "pins" : [
    {
      "identity" : "files",
      "kind" : "remoteSourceControl",
      "location" : "https://github.com/JohnSundell/Files",
      "state" : {
        "revision" : "d273b5b7025d386feef79ef6bad7de762e106eaf",
        "version" : "4.2.0"
      }
    },
    {
      "identity" : "nngitkit",
      "kind" : "remoteSourceControl",
      "location" : "https://github.com/nikolainobadi/NnGitKit.git",
      "state" : {
        "revision" : "1c53036ea1a25d1763baaf9e02ab075ce0423165",
        "version" : "1.0.0"
      }
    },
    {
      "identity" : "nnswiftdatakit",
      "kind" : "remoteSourceControl",
      "location" : "https://github.com/nikolainobadi/NnSwiftDataKit.git",
      "state" : {
        "branch" : "main",
        "revision" : "f8967167825afd9f262732ca3659bf67f3ecc682"
      }
    },
    {
      "identity" : "swiftshell",
      "kind" : "remoteSourceControl",
      "location" : "https://github.com/kareman/SwiftShell",
      "state" : {
        "revision" : "99680b2efc7c7dbcace1da0b3979d266f02e213c",
        "version" : "5.1.0"
      }
    }
  ],
  "version" : 3
}
